
Microsoft Visual Studio Solution File, Format Version 12.00
# Visual Studio Version 17
VisualStudioVersion = 17.9.34902.65
MinimumVisualStudioVersion = 10.0.40219.1
Project("{FAE04EC0-301F-11D3-BF4B-00C04F79EFBC}") = "SupplierMaintenanceWeb", "SupplierMaintenanceWeb\SupplierMaintenanceWeb.csproj", "{65A4EA7F-8FB8-418C-A86C-320384E29358}"
EndProject
Global
	GlobalSection(SolutionConfigurationPlatforms) = preSolution
		Debug|Any CPU = Debug|Any CPU
		Release|Any CPU = Release|Any CPU
	EndGlobalSection
	GlobalSection(ProjectConfigurationPlatforms) = postSolution
		{65A4EA7F-8FB8-418C-A86C-320384E29358}.Debug|Any CPU.ActiveCfg = Debug|Any CPU
		{65A4EA7F-8FB8-418C-A86C-320384E29358}.Debug|Any CPU.Build.0 = Debug|Any CPU
		{65A4EA7F-8FB8-418C-A86C-320384E29358}.Release|Any CPU.ActiveCfg = Release|Any CPU
		{65A4EA7F-8FB8-418C-A86C-320384E29358}.Release|Any CPU.Build.0 = Release|Any CPU
	EndGlobalSection
	GlobalSection(SolutionProperties) = preSolution
		HideSolutionNode = FALSE
	EndGlobalSection
	GlobalSection(ExtensibilityGlobals) = postSolution
		SolutionGuid = {1EC053F0-7987-421F-A6E9-FAEF792D13CF}
	EndGlobalSection
EndGlobal
